
Microsoft Visual Studio Solution File, Format Version 12.00
# Visual Studio 15
VisualStudioVersion = 15.0.28010.2026
MinimumVisualStudioVersion = 10.0.40219.1
Project("{FAE04EC0-301F-11D3-BF4B-00C04F79EFBC}") = "TrashCollector", "TrashCollector\TrashCollector.csproj", "{06ACD7D5-77B5-4E0A-9191-E95CB3753A8A}"
EndProject
Global
	GlobalSection(SolutionConfigurationPlatforms) = preSolution
		Debug|Any CPU = Debug|Any CPU
		Release|Any CPU = Release|Any CPU
	EndGlobalSection
	GlobalSection(ProjectConfigurationPlatforms) = postSolution
		{06ACD7D5-77B5-4E0A-9191-E95CB3753A8A}.Debug|Any CPU.ActiveCfg = Debug|Any CPU
		{06ACD7D5-77B5-4E0A-9191-E95CB3753A8A}.Debug|Any CPU.Build.0 = Debug|Any CPU
		{06ACD7D5-77B5-4E0A-9191-E95CB3753A8A}.Release|Any CPU.ActiveCfg = Release|Any CPU
		{06ACD7D5-77B5-4E0A-9191-E95CB3753A8A}.Release|Any CPU.Build.0 = Release|Any CPU
	EndGlobalSection
	GlobalSection(SolutionProperties) = preSolution
		HideSolutionNode = FALSE
	EndGlobalSection
	GlobalSection(ExtensibilityGlobals) = postSolution
		SolutionGuid = {431F50AA-0B50-4AE1-B9C5-AE8733A666AC}
	EndGlobalSection
EndGlobal
